
Microsoft Visual Studio Solution File, Format Version 12.00
# Visual Studio Version 17
VisualStudioVersion = 17.0.31903.59
MinimumVisualStudioVersion = 10.0.40219.1
Project("{FAE04EC0-301F-11D3-BF4B-00C04F79EFBC}") = "SmartHomeApplication", "SmartHomeApplication\SmartHomeApplication.csproj", "{91E6D24A-FBB4-4D42-9BE0-D2D9503C11DE}"
EndProject
Project("{FAE04EC0-301F-11D3-BF4B-00C04F79EFBC}") = "SmartHomeApplicationAPI", "SmartHomeApplicationAPI\SmartHomeApplicationAPI.csproj", "{6686222C-64C3-40C4-BA07-3571F1E64964}"
EndProject
Global
	GlobalSection(SolutionConfigurationPlatforms) = preSolution
		Debug|Any CPU = Debug|Any CPU
		Debug|x64 = Debug|x64
		Debug|x86 = Debug|x86
		Release|Any CPU = Release|Any CPU
		Release|x64 = Release|x64
		Release|x86 = Release|x86
	EndGlobalSection
	GlobalSection(ProjectConfigurationPlatforms) = postSolution
		{91E6D24A-FBB4-4D42-9BE0-D2D9503C11DE}.Debug|Any CPU.ActiveCfg = Debug|Any CPU
		{91E6D24A-FBB4-4D42-9BE0-D2D9503C11DE}.Debug|Any CPU.Build.0 = Debug|Any CPU
		{91E6D24A-FBB4-4D42-9BE0-D2D9503C11DE}.Debug|x64.ActiveCfg = Debug|Any CPU
		{91E6D24A-FBB4-4D42-9BE0-D2D9503C11DE}.Debug|x64.Build.0 = Debug|Any CPU
		{91E6D24A-FBB4-4D42-9BE0-D2D9503C11DE}.Debug|x86.ActiveCfg = Debug|Any CPU
		{91E6D24A-FBB4-4D42-9BE0-D2D9503C11DE}.Debug|x86.Build.0 = Debug|Any CPU
		{91E6D24A-FBB4-4D42-9BE0-D2D9503C11DE}.Release|Any CPU.ActiveCfg = Release|Any CPU
		{91E6D24A-FBB4-4D42-9BE0-D2D9503C11DE}.Release|Any CPU.Build.0 = Release|Any CPU
		{91E6D24A-FBB4-4D42-9BE0-D2D9503C11DE}.Release|x64.ActiveCfg = Release|Any CPU
		{91E6D24A-FBB4-4D42-9BE0-D2D9503C11DE}.Release|x64.Build.0 = Release|Any CPU
		{91E6D24A-FBB4-4D42-9BE0-D2D9503C11DE}.Release|x86.ActiveCfg = Release|Any CPU
		{91E6D24A-FBB4-4D42-9BE0-D2D9503C11DE}.Release|x86.Build.0 = Release|Any CPU
		{6686222C-64C3-40C4-BA07-3571F1E64964}.Debug|Any CPU.ActiveCfg = Debug|Any CPU
		{6686222C-64C3-40C4-BA07-3571F1E64964}.Debug|Any CPU.Build.0 = Debug|Any CPU
		{6686222C-64C3-40C4-BA07-3571F1E64964}.Debug|x64.ActiveCfg = Debug|Any CPU
		{6686222C-64C3-40C4-BA07-3571F1E64964}.Debug|x64.Build.0 = Debug|Any CPU
		{6686222C-64C3-40C4-BA07-3571F1E64964}.Debug|x86.ActiveCfg = Debug|Any CPU
		{6686222C-64C3-40C4-BA07-3571F1E64964}.Debug|x86.Build.0 = Debug|Any CPU
		{6686222C-64C3-40C4-BA07-3571F1E64964}.Release|Any CPU.ActiveCfg = Release|Any CPU
		{6686222C-64C3-40C4-BA07-3571F1E64964}.Release|Any CPU.Build.0 = Release|Any CPU
		{6686222C-64C3-40C4-BA07-3571F1E64964}.Release|x64.ActiveCfg = Release|Any CPU
		{6686222C-64C3-40C4-BA07-3571F1E64964}.Release|x64.Build.0 = Release|Any CPU
		{6686222C-64C3-40C4-BA07-3571F1E64964}.Release|x86.ActiveCfg = Release|Any CPU
		{6686222C-64C3-40C4-BA07-3571F1E64964}.Release|x86.Build.0 = Release|Any CPU
	EndGlobalSection
	GlobalSection(SolutionProperties) = preSolution
		HideSolutionNode = FALSE
	EndGlobalSection
EndGlobal
